
Microsoft Visual Studio Solution File, Format Version 12.00
# Visual Studio Version 17
VisualStudioVersion = 17.12.35527.113 d17.12
MinimumVisualStudioVersion = 10.0.40219.1
Project("{FAE04EC0-301F-11D3-BF4B-00C04F79EFBC}") = "ConvertDB", "ConvertDB\ConvertDB.csproj", "{AA24E933-C455-4196-92A5-06A949BD9426}"
EndProject
Project("{FAE04EC0-301F-11D3-BF4B-00C04F79EFBC}") = "Domain", "Domain\Domain.csproj", "{7E472604-7F30-4238-BE38-86832669D1D4}"
EndProject
Project("{FAE04EC0-301F-11D3-BF4B-00C04F79EFBC}") = "Utilities", "Utilities\Utilities.csproj", "{FB30FCAE-F8F8-4EB0-A3C3-61D5C05ED0F0}"
EndProject
Project("{FAE04EC0-301F-11D3-BF4B-00C04F79EFBC}") = "DataLayer", "DataLayer\DataLayer.csproj", "{755BFDF7-136B-42D3-B3C0-E24AD4ECEF7B}"
EndProject
Project("{FAE04EC0-301F-11D3-BF4B-00C04F79EFBC}") = "Bussiness", "Bussiness\Bussiness.csproj", "{BBA916B7-C974-4E86-8045-33F457342AD5}"
EndProject
Global
	GlobalSection(SolutionConfigurationPlatforms) = preSolution
		Debug|Any CPU = Debug|Any CPU
		Release|Any CPU = Release|Any CPU
	EndGlobalSection
	GlobalSection(ProjectConfigurationPlatforms) = postSolution
		{AA24E933-C455-4196-92A5-06A949BD9426}.Debug|Any CPU.ActiveCfg = Debug|Any CPU
		{AA24E933-C455-4196-92A5-06A949BD9426}.Debug|Any CPU.Build.0 = Debug|Any CPU
		{AA24E933-C455-4196-92A5-06A949BD9426}.Release|Any CPU.ActiveCfg = Release|Any CPU
		{AA24E933-C455-4196-92A5-06A949BD9426}.Release|Any CPU.Build.0 = Release|Any CPU
		{7E472604-7F30-4238-BE38-86832669D1D4}.Debug|Any CPU.ActiveCfg = Debug|Any CPU
		{7E472604-7F30-4238-BE38-86832669D1D4}.Debug|Any CPU.Build.0 = Debug|Any CPU
		{7E472604-7F30-4238-BE38-86832669D1D4}.Release|Any CPU.ActiveCfg = Release|Any CPU
		{7E472604-7F30-4238-BE38-86832669D1D4}.Release|Any CPU.Build.0 = Release|Any CPU
		{FB30FCAE-F8F8-4EB0-A3C3-61D5C05ED0F0}.Debug|Any CPU.ActiveCfg = Debug|Any CPU
		{FB30FCAE-F8F8-4EB0-A3C3-61D5C05ED0F0}.Debug|Any CPU.Build.0 = Debug|Any CPU
		{FB30FCAE-F8F8-4EB0-A3C3-61D5C05ED0F0}.Release|Any CPU.ActiveCfg = Release|Any CPU
		{FB30FCAE-F8F8-4EB0-A3C3-61D5C05ED0F0}.Release|Any CPU.Build.0 = Release|Any CPU
		{755BFDF7-136B-42D3-B3C0-E24AD4ECEF7B}.Debug|Any CPU.ActiveCfg = Debug|Any CPU
		{755BFDF7-136B-42D3-B3C0-E24AD4ECEF7B}.Debug|Any CPU.Build.0 = Debug|Any CPU
		{755BFDF7-136B-42D3-B3C0-E24AD4ECEF7B}.Release|Any CPU.ActiveCfg = Release|Any CPU
		{755BFDF7-136B-42D3-B3C0-E24AD4ECEF7B}.Release|Any CPU.Build.0 = Release|Any CPU
		{BBA916B7-C974-4E86-8045-33F457342AD5}.Debug|Any CPU.ActiveCfg = Debug|Any CPU
		{BBA916B7-C974-4E86-8045-33F457342AD5}.Debug|Any CPU.Build.0 = Debug|Any CPU
		{BBA916B7-C974-4E86-8045-33F457342AD5}.Release|Any CPU.ActiveCfg = Release|Any CPU
		{BBA916B7-C974-4E86-8045-33F457342AD5}.Release|Any CPU.Build.0 = Release|Any CPU
	EndGlobalSection
	GlobalSection(SolutionProperties) = preSolution
		HideSolutionNode = FALSE
	EndGlobalSection
EndGlobal
